
Microsoft Visual Studio Solution File, Format Version 12.00
# Visual Studio Version 16
VisualStudioVersion = 16.0.29102.190
MinimumVisualStudioVersion = 10.0.40219.1
Project("{2150E333-8FDC-42A3-9474-1A3956D46DE8}") = "01-Domain", "01-Domain", "{8159754F-AD0D-4A57-9A37-A8344EAB8FF9}"
EndProject
Project("{2150E333-8FDC-42A3-9474-1A3956D46DE8}") = "02-Services", "02-Services", "{54AFD3F0-248F-493A-9CAF-D6F81BC85C67}"
EndProject
Project("{2150E333-8FDC-42A3-9474-1A3956D46DE8}") = "03-InfraStructure", "03-InfraStructure", "{6E950123-B544-4CE8-AA0F-799D93C61B1E}"
EndProject
Project("{2150E333-8FDC-42A3-9474-1A3956D46DE8}") = "04-EndPoint", "04-EndPoint", "{62602921-130D-40AB-99B7-A1E1229E0C39}"
EndProject
Project("{FAE04EC0-301F-11D3-BF4B-00C04F79EFBC}") = "Store.UI.WebMVC", "Store.UI.WebMVC\Store.UI.WebMVC.csproj", "{4B7BC195-88D3-402B-BD8F-91CF6A93583F}"
EndProject
Global
	GlobalSection(SolutionConfigurationPlatforms) = preSolution
		Debug|Any CPU = Debug|Any CPU
		Release|Any CPU = Release|Any CPU
	EndGlobalSection
	GlobalSection(ProjectConfigurationPlatforms) = postSolution
		{4B7BC195-88D3-402B-BD8F-91CF6A93583F}.Debug|Any CPU.ActiveCfg = Debug|Any CPU
		{4B7BC195-88D3-402B-BD8F-91CF6A93583F}.Debug|Any CPU.Build.0 = Debug|Any CPU
		{4B7BC195-88D3-402B-BD8F-91CF6A93583F}.Release|Any CPU.ActiveCfg = Release|Any CPU
		{4B7BC195-88D3-402B-BD8F-91CF6A93583F}.Release|Any CPU.Build.0 = Release|Any CPU
	EndGlobalSection
	GlobalSection(SolutionProperties) = preSolution
		HideSolutionNode = FALSE
	EndGlobalSection
	GlobalSection(NestedProjects) = preSolution
		{4B7BC195-88D3-402B-BD8F-91CF6A93583F} = {62602921-130D-40AB-99B7-A1E1229E0C39}
	EndGlobalSection
	GlobalSection(ExtensibilityGlobals) = postSolution
		SolutionGuid = {DFDFCBC1-869E-4AC7-9FF5-6901C91531B3}
	EndGlobalSection
EndGlobal
